// !$*UTF8*$!
{
	archiveVersion = 1;
	classes = {
	};
	objectVersion = 46;
	objects = {

/* Begin PBXBuildFile section */
		8117D48A1D23963D00F00B0D /* main.m in Sources */ = {isa = PBXBuildFile; fileRef = 8117D4891D23963D00F00B0D /* main.m */; };
		8117D48D1D23963D00F00B0D /* AppDelegate.m in Sources */ = {isa = PBXBuildFile; fileRef = 8117D48C1D23963D00F00B0D /* AppDelegate.m */; };
		8117D4901D23963D00F00B0D /* ViewController.m in Sources */ = {isa = PBXBuildFile; fileRef = 8117D48F1D23963D00F00B0D /* ViewController.m */; };
		8117D4931D23963D00F00B0D /* Main.storyboard in Resources */ = {isa = PBXBuildFile; fileRef = 8117D4911D23963D00F00B0D /* Main.storyboard */; };
		8117D4951D23963D00F00B0D /* Assets.xcassets in Resources */ = {isa = PBXBuildFile; fileRef = 8117D4941D23963D00F00B0D /* Assets.xcassets */; };
		8117D4981D23963D00F00B0D /* LaunchScreen.storyboard in Resources */ = {isa = PBXBuildFile; fileRef = 8117D4961D23963D00F00B0D /* LaunchScreen.storyboard */; };
		8117D4A31D23963D00F00B0D /* iconfont___Tests.m in Sources */ = {isa = PBXBuildFile; fileRef = 8117D4A21D23963D00F00B0D /* iconfont___Tests.m */; };
		8117D4AE1D23963D00F00B0D /* iconfont___UITests.m in Sources */ = {isa = PBXBuildFile; fileRef = 8117D4AD1D23963D00F00B0D /* iconfont___UITests.m */; };
		8117D4C21D23968900F00B0D /* TBCityIconFont.m in Sources */ = {isa = PBXBuildFile; fileRef = 8117D4BD1D23968900F00B0D /* TBCityIconFont.m */; };
		8117D4C31D23968900F00B0D /* TBCityIconInfo.m in Sources */ = {isa = PBXBuildFile; fileRef = 8117D4BF1D23968900F00B0D /* TBCityIconInfo.m */; };
		8117D4C41D23968900F00B0D /* UIImage+TBCityIconFont.m in Sources */ = {isa = PBXBuildFile; fileRef = 8117D4C11D23968900F00B0D /* UIImage+TBCityIconFont.m */; };
		8117D4C61D2396BA00F00B0D /* iconfont.ttf in Resources */ = {isa = PBXBuildFile; fileRef = 8117D4C51D2396BA00F00B0D /* iconfont.ttf */; };
/* End PBXBuildFile section */

/* Begin PBXContainerItemProxy section */
		8117D49F1D23963D00F00B0D /* PBXContainerItemProxy */ = {
			isa = PBXContainerItemProxy;
			containerPortal = 8117D47D1D23963D00F00B0D /* Project object */;
			proxyType = 1;
			remoteGlobalIDString = 8117D4841D23963D00F00B0D;
			remoteInfo = "iconfont的使用";
		};
		8117D4AA1D23963D00F00B0D /* PBXContainerItemProxy */ = {
			isa = PBXContainerItemProxy;
			containerPortal = 8117D47D1D23963D00F00B0D /* Project object */;
			proxyType = 1;
			remoteGlobalIDString = 8117D4841D23963D00F00B0D;
			remoteInfo = "iconfont的使用";
		};
/* End PBXContainerItemProxy section */

/* Begin PBXFileReference section */
		8117D4851D23963D00F00B0D /* iconfont的使用.app */ = {isa = PBXFileReference; explicitFileType = wrapper.application; includeInIndex = 0; path = "iconfont的使用.app"; sourceTree = BUILT_PRODUCTS_DIR; };
		8117D4891D23963D00F00B0D /* main.m */ = {isa = PBXFileReference; lastKnownFileType = sourcecode.c.objc; path = main.m; sourceTree = "<group>"; };
		8117D48B1D23963D00F00B0D /* AppDelegate.h */ = {isa = PBXFileReference; lastKnownFileType = sourcecode.c.h; path = AppDelegate.h; sourceTree = "<group>"; };
		8117D48C1D23963D00F00B0D /* AppDelegate.m */ = {isa = PBXFileReference; lastKnownFileType = sourcecode.c.objc; path = AppDelegate.m; sourceTree = "<group>"; };
		8117D48E1D23963D00F00B0D /* ViewController.h */ = {isa = PBXFileReference; lastKnownFileType = sourcecode.c.h; path = ViewController.h; sourceTree = "<group>"; };
		8117D48F1D23963D00F00B0D /* ViewController.m */ = {isa = PBXFileReference; lastKnownFileType = sourcecode.c.objc; path = ViewController.m; sourceTree = "<group>"; };
		8117D4921D23963D00F00B0D /* Base */ = {isa = PBXFileReference; lastKnownFileType = file.storyboard; name = Base; path = Base.lproj/Main.storyboard; sourceTree = "<group>"; };
		8117D4941D23963D00F00B0D /* Assets.xcassets */ = {isa = PBXFileReference; lastKnownFileType = folder.assetcatalog; path = Assets.xcassets; sourceTree = "<group>"; };
		8117D4971D23963D00F00B0D /* Base */ = {isa = PBXFileReference; lastKnownFileType = file.storyboard; name = Base; path = Base.lproj/LaunchScreen.storyboard; sourceTree = "<group>"; };
		8117D4991D23963D00F00B0D /* Info.plist */ = {isa = PBXFileReference; lastKnownFileType = text.plist.xml; path = Info.plist; sourceTree = "<group>"; };
		8117D49E1D23963D00F00B0D /* iconfont的使用Tests.xctest */ = {isa = PBXFileReference; explicitFileType = wrapper.cfbundle; includeInIndex = 0; path = "iconfont的使用Tests.xctest"; sourceTree = BUILT_PRODUCTS_DIR; };
		8117D4A21D23963D00F00B0D /* iconfont___Tests.m */ = {isa = PBXFileReference; lastKnownFileType = sourcecode.c.objc; path = "iconfont___Tests.m"; sourceTree = "<group>"; };
		8117D4A41D23963D00F00B0D /* Info.plist */ = {isa = PBXFileReference; lastKnownFileType = text.plist.xml; path = Info.plist; sourceTree = "<group>"; };
		8117D4A91D23963D00F00B0D /* iconfont的使用UITests.xctest */ = {isa = PBXFileReference; explicitFileType = wrapper.cfbundle; includeInIndex = 0; path = "iconfont的使用UITests.xctest"; sourceTree = BUILT_PRODUCTS_DIR; };
		8117D4AD1D23963D00F00B0D /* iconfont___UITests.m */ = {isa = PBXFileReference; lastKnownFileType = sourcecode.c.objc; path = "iconfont___UITests.m"; sourceTree = "<group>"; };
		8117D4AF1D23963D00F00B0D /* Info.plist */ = {isa = PBXFileReference; lastKnownFileType = text.plist.xml; path = Info.plist; sourceTree = "<group>"; };
		8117D4BC1D23968900F00B0D /* TBCityIconFont.h */ = {isa = PBXFileReference; fileEncoding = 4; lastKnownFileType = sourcecode.c.h; path = TBCityIconFont.h; sourceTree = "<group>"; };
		8117D4BD1D23968900F00B0D /* TBCityIconFont.m */ = {isa = PBXFileReference; fileEncoding = 4; lastKnownFileType = sourcecode.c.objc; path = TBCityIconFont.m; sourceTree = "<group>"; };
		8117D4BE1D23968900F00B0D /* TBCityIconInfo.h */ = {isa = PBXFileReference; fileEncoding = 4; lastKnownFileType = sourcecode.c.h; path = TBCityIconInfo.h; sourceTree = "<group>"; };
		8117D4BF1D23968900F00B0D /* TBCityIconInfo.m */ = {isa = PBXFileReference; fileEncoding = 4; lastKnownFileType = sourcecode.c.objc; path = TBCityIconInfo.m; sourceTree = "<group>"; };
		8117D4C01D23968900F00B0D /* UIImage+TBCityIconFont.h */ = {isa = PBXFileReference; fileEncoding = 4; lastKnownFileType = sourcecode.c.h; path = "UIImage+TBCityIconFont.h"; sourceTree = "<group>"; };
		8117D4C11D23968900F00B0D /* UIImage+TBCityIconFont.m */ = {isa = PBXFileReference; fileEncoding = 4; lastKnownFileType = sourcecode.c.objc; path = "UIImage+TBCityIconFont.m"; sourceTree = "<group>"; };
		8117D4C51D2396BA00F00B0D /* iconfont.ttf */ = {isa = PBXFileReference; lastKnownFileType = file; path = iconfont.ttf; sourceTree = "<group>"; };
/* End PBXFileReference section */

/* Begin PBXFrameworksBuildPhase section */
		8117D4821D23963D00F00B0D /* Frameworks */ = {
			isa = PBXFrameworksBuildPhase;
			buildActionMask = 2147483647;
			files = (
			);
			runOnlyForDeploymentPostprocessing = 0;
		};
		8117D49B1D23963D00F00B0D /* Frameworks */ = {
			isa = PBXFrameworksBuildPhase;
			buildActionMask = 2147483647;
			files = (
			);
			runOnlyForDeploymentPostprocessing = 0;
		};
		8117D4A61D23963D00F00B0D /* Frameworks */ = {
			isa = PBXFrameworksBuildPhase;
			buildActionMask = 2147483647;
			files = (
			);
			runOnlyForDeploymentPostprocessing = 0;
		};
/* End PBXFrameworksBuildPhase section */

/* Begin PBXGroup section */
		8117D47C1D23963D00F00B0D = {
			isa = PBXGroup;
			children = (
				8117D4871D23963D00F00B0D /* iconfont的使用 */,
				8117D4A11D23963D00F00B0D /* iconfont的使用Tests */,
				8117D4AC1D23963D00F00B0D /* iconfont的使用UITests */,
				8117D4861D23963D00F00B0D /* Products */,
			);
			sourceTree = "<group>";
		};
		8117D4861D23963D00F00B0D /* Products */ = {
			isa = PBXGroup;
			children = (
				8117D4851D23963D00F00B0D /* iconfont的使用.app */,
				8117D49E1D23963D00F00B0D /* iconfont的使用Tests.xctest */,
				8117D4A91D23963D00F00B0D /* iconfont的使用UITests.xctest */,
			);
			name = Products;
			sourceTree = "<group>";
		};
		8117D4871D23963D00F00B0D /* iconfont的使用 */ = {
			isa = PBXGroup;
			children = (
				8117D4C51D2396BA00F00B0D /* iconfont.ttf */,
				8117D4BB1D23968900F00B0D /* IconFont */,
				8117D48B1D23963D00F00B0D /* AppDelegate.h */,
				8117D48C1D23963D00F00B0D /* AppDelegate.m */,
				8117D48E1D23963D00F00B0D /* ViewController.h */,
				8117D48F1D23963D00F00B0D /* ViewController.m */,
				8117D4911D23963D00F00B0D /* Main.storyboard */,
				8117D4941D23963D00F00B0D /* Assets.xcassets */,
				8117D4961D23963D00F00B0D /* LaunchScreen.storyboard */,
				8117D4991D23963D00F00B0D /* Info.plist */,
				8117D4881D23963D00F00B0D /* Supporting Files */,
			);
			path = "iconfont的使用";
			sourceTree = "<group>";
		};
		8117D4881D23963D00F00B0D /* Supporting Files */ = {
			isa = PBXGroup;
			children = (
				8117D4891D23963D00F00B0D /* main.m */,
			);
			name = "Supporting Files";
			sourceTree = "<group>";
		};
		8117D4A11D23963D00F00B0D /* iconfont的使用Tests */ = {
			isa = PBXGroup;
			children = (
				8117D4A21D23963D00F00B0D /* iconfont___Tests.m */,
				8117D4A41D23963D00F00B0D /* Info.plist */,
			);
			path = "iconfont的使用Tests";
			sourceTree = "<group>";
		};
		8117D4AC1D23963D00F00B0D /* iconfont的使用UITests */ = {
			isa = PBXGroup;
			children = (
				8117D4AD1D23963D00F00B0D /* iconfont___UITests.m */,
				8117D4AF1D23963D00F00B0D /* Info.plist */,
			);
			path = "iconfont的使用UITests";
			sourceTree = "<group>";
		};
		8117D4BB1D23968900F00B0D /* IconFont */ = {
			isa = PBXGroup;
			children = (
				8117D4BC1D23968900F00B0D /* TBCityIconFont.h */,
				8117D4BD1D23968900F00B0D /* TBCityIconFont.m */,
				8117D4BE1D23968900F00B0D /* TBCityIconInfo.h */,
				8117D4BF1D23968900F00B0D /* TBCityIconInfo.m */,
				8117D4C01D23968900F00B0D /* UIImage+TBCityIconFont.h */,
				8117D4C11D23968900F00B0D /* UIImage+TBCityIconFont.m */,
			);
			path = IconFont;
			sourceTree = "<group>";
		};
/* End PBXGroup section */

/* Begin PBXNativeTarget section */
		8117D4841D23963D00F00B0D /* iconfont的使用 */ = {
			isa = PBXNativeTarget;
			buildConfigurationList = 8117D4B21D23963D00F00B0D /* Build configuration list for PBXNativeTarget "iconfont的使用" */;
			buildPhases = (
				8117D4811D23963D00F00B0D /* Sources */,
				8117D4821D23963D00F00B0D /* Frameworks */,
				8117D4831D23963D00F00B0D /* Resources */,
			);
			buildRules = (
			);
			dependencies = (
			);
			name = "iconfont的使用";
			productName = "iconfont的使用";
			productReference = 8117D4851D23963D00F00B0D /* iconfont的使用.app */;
			productType = "com.apple.product-type.application";
		};
		8117D49D1D23963D00F00B0D /* iconfont的使用Tests */ = {
			isa = PBXNativeTarget;
			buildConfigurationList = 8117D4B51D23963D00F00B0D /* Build configuration list for PBXNativeTarget "iconfont的使用Tests" */;
			buildPhases = (
				8117D49A1D23963D00F00B0D /* Sources */,
				8117D49B1D23963D00F00B0D /* Frameworks */,
				8117D49C1D23963D00F00B0D /* Resources */,
			);
			buildRules = (
			);
			dependencies = (
				8117D4A01D23963D00F00B0D /* PBXTargetDependency */,
			);
			name = "iconfont的使用Tests";
			productName = "iconfont的使用Tests";
			productReference = 8117D49E1D23963D00F00B0D /* iconfont的使用Tests.xctest */;
			productType = "com.apple.product-type.bundle.unit-test";
		};
		8117D4A81D23963D00F00B0D /* iconfont的使用UITests */ = {
			isa = PBXNativeTarget;
			buildConfigurationList = 8117D4B81D23963D00F00B0D /* Build configuration list for PBXNativeTarget "iconfont的使用UITests" */;
			buildPhases = (
				8117D4A51D23963D00F00B0D /* Sources */,
				8117D4A61D23963D00F00B0D /* Frameworks */,
				8117D4A71D23963D00F00B0D /* Resources */,
			);
			buildRules = (
			);
			dependencies = (
				8117D4AB1D23963D00F00B0D /* PBXTargetDependency */,
			);
			name = "iconfont的使用UITests";
			productName = "iconfont的使用UITests";
			productReference = 8117D4A91D23963D00F00B0D /* iconfont的使用UITests.xctest */;
			productType = "com.apple.product-type.bundle.ui-testing";
		};
/* End PBXNativeTarget section */

/* Begin PBXProject section */
		8117D47D1D23963D00F00B0D /* Project object */ = {
			isa = PBXProject;
			attributes = {
				LastUpgradeCheck = 0730;
				ORGANIZATIONNAME = WOSHIPM;
				TargetAttributes = {
					8117D4841D23963D00F00B0D = {
						CreatedOnToolsVersion = 7.3;
					};
					8117D49D1D23963D00F00B0D = {
						CreatedOnToolsVersion = 7.3;
						TestTargetID = 8117D4841D23963D00F00B0D;
					};
					8117D4A81D23963D00F00B0D = {
						CreatedOnToolsVersion = 7.3;
						TestTargetID = 8117D4841D23963D00F00B0D;
					};
				};
			};
			buildConfigurationList = 8117D4801D23963D00F00B0D /* Build configuration list for PBXProject "iconfont的使用" */;
			compatibilityVersion = "Xcode 3.2";
			developmentRegion = English;
			hasScannedForEncodings = 0;
			knownRegions = (
				en,
				Base,
			);
			mainGroup = 8117D47C1D23963D00F00B0D;
			productRefGroup = 8117D4861D23963D00F00B0D /* Products */;
			projectDirPath = "";
			projectRoot = "";
			targets = (
				8117D4841D23963D00F00B0D /* iconfont的使用 */,
				8117D49D1D23963D00F00B0D /* iconfont的使用Tests */,
				8117D4A81D23963D00F00B0D /* iconfont的使用UITests */,
			);
		};
/* End PBXProject section */

/* Begin PBXResourcesBuildPhase section */
		8117D4831D23963D00F00B0D /* Resources */ = {
			isa = PBXResourcesBuildPhase;
			buildActionMask = 2147483647;
			files = (
				8117D4C61D2396BA00F00B0D /* iconfont.ttf in Resources */,
				8117D4981D23963D00F00B0D /* LaunchScreen.storyboard in Resources */,
				8117D4951D23963D00F00B0D /* Assets.xcassets in Resources */,
				8117D4931D23963D00F00B0D /* Main.storyboard in Resources */,
			);
			runOnlyForDeploymentPostprocessing = 0;
		};
		8117D49C1D23963D00F00B0D /* Resources */ = {
			isa = PBXResourcesBuildPhase;
			buildActionMask = 2147483647;
			files = (
			);
			runOnlyForDeploymentPostprocessing = 0;
		};
		8117D4A71D23963D00F00B0D /* Resources */ = {
			isa = PBXResourcesBuildPhase;
			buildActionMask = 2147483647;
			files = (
			);
			runOnlyForDeploymentPostprocessing = 0;
		};
/* End PBXResourcesBuildPhase section */

/* Begin PBXSourcesBuildPhase section */
		8117D4811D23963D00F00B0D /* Sources */ = {
			isa = PBXSourcesBuildPhase;
			buildActionMask = 2147483647;
			files = (
				8117D4C31D23968900F00B0D /* TBCityIconInfo.m in Sources */,
				8117D4901D23963D00F00B0D /* ViewController.m in Sources */,
				8117D48D1D23963D00F00B0D /* AppDelegate.m in Sources */,
				8117D4C21D23968900F00B0D /* TBCityIconFont.m in Sources */,
				8117D4C41D23968900F00B0D /* UIImage+TBCityIconFont.m in Sources */,
				8117D48A1D23963D00F00B0D /* main.m in Sources */,
			);
			runOnlyForDeploymentPostprocessing = 0;
		};
		8117D49A1D23963D00F00B0D /* Sources */ = {
			isa = PBXSourcesBuildPhase;
			buildActionMask = 2147483647;
			files = (
				8117D4A31D23963D00F00B0D /* iconfont___Tests.m in Sources */,
			);
			runOnlyForDeploymentPostprocessing = 0;
		};
		8117D4A51D23963D00F00B0D /* Sources */ = {
			isa = PBXSourcesBuildPhase;
			buildActionMask = 2147483647;
			files = (
				8117D4AE1D23963D00F00B0D /* iconfont___UITests.m in Sources */,
			);
			runOnlyForDeploymentPostprocessing = 0;
		};
/* End PBXSourcesBuildPhase section */

/* Begin PBXTargetDependency section */
		8117D4A01D23963D00F00B0D /* PBXTargetDependency */ = {
			isa = PBXTargetDependency;
			target = 8117D4841D23963D00F00B0D /* iconfont的使用 */;
			targetProxy = 8117D49F1D23963D00F00B0D /* PBXContainerItemProxy */;
		};
		8117D4AB1D23963D00F00B0D /* PBXTargetDependency */ = {
			isa = PBXTargetDependency;
			target = 8117D4841D23963D00F00B0D /* iconfont的使用 */;
			targetProxy = 8117D4AA1D23963D00F00B0D /* PBXContainerItemProxy */;
		};
/* End PBXTargetDependency section */

/* Begin PBXVariantGroup section */
		8117D4911D23963D00F00B0D /* Main.storyboard */ = {
			isa = PBXVariantGroup;
			children = (
				8117D4921D23963D00F00B0D /* Base */,
			);
			name = Main.storyboard;
			sourceTree = "<group>";
		};
		8117D4961D23963D00F00B0D /* LaunchScreen.storyboard */ = {
			isa = PBXVariantGroup;
			children = (
				8117D4971D23963D00F00B0D /* Base */,
			);
			name = LaunchScreen.storyboard;
			sourceTree = "<group>";
		};
/* End PBXVariantGroup section */

/* Begin XCBuildConfiguration section */
		8117D4B01D23963D00F00B0D /* Debug */ = {
			isa = XCBuildConfiguration;
			buildSettings = {
				ALWAYS_SEARCH_USER_PATHS = NO;
				CLANG_ANALYZER_NONNULL = YES;
				CLANG_CXX_LANGUAGE_STANDARD = "gnu++0x";
				CLANG_CXX_LIBRARY = "libc++";
				CLANG_ENABLE_MODULES = YES;
				CLANG_ENABLE_OBJC_ARC = YES;
				CLANG_WARN_BOOL_CONVERSION = YES;
				CLANG_WARN_CONSTANT_CONVERSION = YES;
				CLANG_WARN_DIRECT_OBJC_ISA_USAGE = YES_ERROR;
				CLANG_WARN_EMPTY_BODY = YES;
				CLANG_WARN_ENUM_CONVERSION = YES;
				CLANG_WARN_INT_CONVERSION = YES;
				CLANG_WARN_OBJC_ROOT_CLASS = YES_ERROR;
				CLANG_WARN_UNREACHABLE_CODE = YES;
				CLANG_WARN__DUPLICATE_METHOD_MATCH = YES;
				"CODE_SIGN_IDENTITY[sdk=iphoneos*]" = "iPhone Developer";
				COPY_PHASE_STRIP = NO;
				DEBUG_INFORMATION_FORMAT = dwarf;
				ENABLE_STRICT_OBJC_MSGSEND = YES;
				ENABLE_TESTABILITY = YES;
				GCC_C_LANGUAGE_STANDARD = gnu99;
				GCC_DYNAMIC_NO_PIC = NO;
				GCC_NO_COMMON_BLOCKS = YES;
				GCC_OPTIMIZATION_LEVEL = 0;
				GCC_PREPROCESSOR_DEFINITIONS = (
					"DEBUG=1",
					"$(inherited)",
				);
				GCC_WARN_64_TO_32_BIT_CONVERSION = YES;
				GCC_WARN_ABOUT_RETURN_TYPE = YES_ERROR;
				GCC_WARN_UNDECLARED_SELECTOR = YES;
				GCC_WARN_UNINITIALIZED_AUTOS = YES_AGGRESSIVE;
				GCC_WARN_UNUSED_FUNCTION = YES;
				GCC_WARN_UNUSED_VARIABLE = YES;
				IPHONEOS_DEPLOYMENT_TARGET = 9.3;
				MTL_ENABLE_DEBUG_INFO = YES;
				ONLY_ACTIVE_ARCH = YES;
				SDKROOT = iphoneos;
				TARGETED_DEVICE_FAMILY = "1,2";
			};
			name = Debug;
		};
		8117D4B11D23963D00F00B0D /* Release */ = {
			isa = XCBuildConfiguration;
			buildSettings = {
				ALWAYS_SEARCH_USER_PATHS = NO;
				CLANG_ANALYZER_NONNULL = YES;
				CLANG_CXX_LANGUAGE_STANDARD = "gnu++0x";
				CLANG_CXX_LIBRARY = "libc++";
				CLANG_ENABLE_MODULES = YES;
				CLANG_ENABLE_OBJC_ARC = YES;
				CLANG_WARN_BOOL_CONVERSION = YES;
				CLANG_WARN_CONSTANT_CONVERSION = YES;
				CLANG_WARN_DIRECT_OBJC_ISA_USAGE = YES_ERROR;
				CLANG_WARN_EMPTY_BODY = YES;
				CLANG_WARN_ENUM_CONVERSION = YES;
				CLANG_WARN_INT_CONVERSION = YES;
				CLANG_WARN_OBJC_ROOT_CLASS = YES_ERROR;
				CLANG_WARN_UNREACHABLE_CODE = YES;
				CLANG_WARN__DUPLICATE_METHOD_MATCH = YES;
				"CODE_SIGN_IDENTITY[sdk=iphoneos*]" = "iPhone Developer";
				COPY_PHASE_STRIP = NO;
				DEBUG_INFORMATION_FORMAT = "dwarf-with-dsym";
				ENABLE_NS_ASSERTIONS = NO;
				ENABLE_STRICT_OBJC_MSGSEND = YES;
				GCC_C_LANGUAGE_STANDARD = gnu99;
				GCC_NO_COMMON_BLOCKS = YES;
				GCC_WARN_64_TO_32_BIT_CONVERSION = YES;
				GCC_WARN_ABOUT_RETURN_TYPE = YES_ERROR;
				GCC_WARN_UNDECLARED_SELECTOR = YES;
				GCC_WARN_UNINITIALIZED_AUTOS = YES_AGGRESSIVE;
				GCC_WARN_UNUSED_FUNCTION = YES;
				GCC_WARN_UNUSED_VARIABLE = YES;
				IPHONEOS_DEPLOYMENT_TARGET = 9.3;
				MTL_ENABLE_DEBUG_INFO = NO;
				SDKROOT = iphoneos;
				TARGETED_DEVICE_FAMILY = "1,2";
				VALIDATE_PRODUCT = YES;
			};
			name = Release;
		};
		8117D4B31D23963D00F00B0D /* Debug */ = {
			isa = XCBuildConfiguration;
			buildSettings = {
				ASSETCATALOG_COMPILER_APPICON_NAME = AppIcon;
				INFOPLIST_FILE = "iconfont的使用/Info.plist";
				LD_RUNPATH_SEARCH_PATHS = "$(inherited) @executable_path/Frameworks";
				PRODUCT_BUNDLE_IDENTIFIER = "WOSHIPM.iconfont---";
				PRODUCT_NAME = "$(TARGET_NAME)";
			};
			name = Debug;
		};
		8117D4B41D23963D00F00B0D /* Release */ = {
			isa = XCBuildConfiguration;
			buildSettings = {
				ASSETCATALOG_COMPILER_APPICON_NAME = AppIcon;
				INFOPLIST_FILE = "iconfont的使用/Info.plist";
				LD_RUNPATH_SEARCH_PATHS = "$(inherited) @executable_path/Frameworks";
				PRODUCT_BUNDLE_IDENTIFIER = "WOSHIPM.iconfont---";
				PRODUCT_NAME = "$(TARGET_NAME)";
			};
			name = Release;
		};
		8117D4B61D23963D00F00B0D /* Debug */ = {
			isa = XCBuildConfiguration;
			buildSettings = {
				BUNDLE_LOADER = "$(TEST_HOST)";
				INFOPLIST_FILE = "iconfont的使用Tests/Info.plist";
				LD_RUNPATH_SEARCH_PATHS = "$(inherited) @executable_path/Frameworks @loader_path/Frameworks";
				PRODUCT_BUNDLE_IDENTIFIER = "WOSHIPM.iconfont---Tests";
				PRODUCT_NAME = "$(TARGET_NAME)";
				TEST_HOST = "$(BUILT_PRODUCTS_DIR)/iconfont的使用.app/iconfont的使用";
			};
			name = Debug;
		};
		8117D4B71D23963D00F00B0D /* Release */ = {
			isa = XCBuildConfiguration;
			buildSettings = {
				BUNDLE_LOADER = "$(TEST_HOST)";
				INFOPLIST_FILE = "iconfont的使用Tests/Info.plist";
				LD_RUNPATH_SEARCH_PATHS = "$(inherited) @executable_path/Frameworks @loader_path/Frameworks";
				PRODUCT_BUNDLE_IDENTIFIER = "WOSHIPM.iconfont---Tests";
				PRODUCT_NAME = "$(TARGET_NAME)";
				TEST_HOST = "$(BUILT_PRODUCTS_DIR)/iconfont的使用.app/iconfont的使用";
			};
			name = Release;
		};
		8117D4B91D23963D00F00B0D /* Debug */ = {
			isa = XCBuildConfiguration;
			buildSettings = {
				INFOPLIST_FILE = "iconfont的使用UITests/Info.plist";
				LD_RUNPATH_SEARCH_PATHS = "$(inherited) @executable_path/Frameworks @loader_path/Frameworks";
				PRODUCT_BUNDLE_IDENTIFIER = "WOSHIPM.iconfont---UITests";
				PRODUCT_NAME = "$(TARGET_NAME)";
				TEST_TARGET_NAME = "iconfont的使用";
			};
			name = Debug;
		};
		8117D4BA1D23963D00F00B0D /* Release */ = {
			isa = XCBuildConfiguration;
			buildSettings = {
				INFOPLIST_FILE = "iconfont的使用UITests/Info.plist";
				LD_RUNPATH_SEARCH_PATHS = "$(inherited) @executable_path/Frameworks @loader_path/Frameworks";
				PRODUCT_BUNDLE_IDENTIFIER = "WOSHIPM.iconfont---UITests";
				PRODUCT_NAME = "$(TARGET_NAME)";
				TEST_TARGET_NAME = "iconfont的使用";
			};
			name = Release;
		};
/* End XCBuildConfiguration section */

/* Begin XCConfigurationList section */
		8117D4801D23963D00F00B0D /* Build configuration list for PBXProject "iconfont的使用" */ = {
			isa = XCConfigurationList;
			buildConfigurations = (
				8117D4B01D23963D00F00B0D /* Debug */,
				8117D4B11D23963D00F00B0D /* Release */,
			);
			defaultConfigurationIsVisible = 0;
			defaultConfigurationName = Release;
		};
		8117D4B21D23963D00F00B0D /* Build configuration list for PBXNativeTarget "iconfont的使用" */ = {
			isa = XCConfigurationList;
			buildConfigurations = (
				8117D4B31D23963D00F00B0D /* Debug */,
				8117D4B41D23963D00F00B0D /* Release */,
			);
			defaultConfigurationIsVisible = 0;
		};
		8117D4B51D23963D00F00B0D /* Build configuration list for PBXNativeTarget "iconfont的使用Tests" */ = {
			isa = XCConfigurationList;
			buildConfigurations = (
				8117D4B61D23963D00F00B0D /* Debug */,
				8117D4B71D23963D00F00B0D /* Release */,
			);
			defaultConfigurationIsVisible = 0;
		};
		8117D4B81D23963D00F00B0D /* Build configuration list for PBXNativeTarget "iconfont的使用UITests" */ = {
			isa = XCConfigurationList;
			buildConfigurations = (
				8117D4B91D23963D00F00B0D /* Debug */,
				8117D4BA1D23963D00F00B0D /* Release */,
			);
			defaultConfigurationIsVisible = 0;
		};
/* End XCConfigurationList section */
	};
	rootObject = 8117D47D1D23963D00F00B0D /* Project object */;
}
